
Microsoft Visual Studio Solution File, Format Version 12.00
# Visual Studio Version 16
VisualStudioVersion = 25.0.1700.0
MinimumVisualStudioVersion = 10.0.40219.1
Project("{FAE04EC0-301F-11D3-BF4B-00C04F79EFBC}") = "OnlineShop", "OnlineShop\OnlineShop.csproj", "{251FE201-AD41-435D-B1D7-79243B329F3C}"
EndProject
Project("{FAE04EC0-301F-11D3-BF4B-00C04F79EFBC}") = "OnlineShopAPI", "OnlineShopAPI\OnlineShopAPI.csproj", "{3029B208-7C9A-4957-981C-2EE7FB271DF3}"
EndProject
Global
	GlobalSection(SolutionConfigurationPlatforms) = preSolution
		Debug|Any CPU = Debug|Any CPU
		Release|Any CPU = Release|Any CPU
	EndGlobalSection
	GlobalSection(ProjectConfigurationPlatforms) = postSolution
		{251FE201-AD41-435D-B1D7-79243B329F3C}.Debug|Any CPU.ActiveCfg = Debug|Any CPU
		{251FE201-AD41-435D-B1D7-79243B329F3C}.Debug|Any CPU.Build.0 = Debug|Any CPU
		{251FE201-AD41-435D-B1D7-79243B329F3C}.Release|Any CPU.ActiveCfg = Release|Any CPU
		{251FE201-AD41-435D-B1D7-79243B329F3C}.Release|Any CPU.Build.0 = Release|Any CPU
		{3029B208-7C9A-4957-981C-2EE7FB271DF3}.Debug|Any CPU.ActiveCfg = Debug|Any CPU
		{3029B208-7C9A-4957-981C-2EE7FB271DF3}.Debug|Any CPU.Build.0 = Debug|Any CPU
		{3029B208-7C9A-4957-981C-2EE7FB271DF3}.Release|Any CPU.ActiveCfg = Release|Any CPU
		{3029B208-7C9A-4957-981C-2EE7FB271DF3}.Release|Any CPU.Build.0 = Release|Any CPU
	EndGlobalSection
	GlobalSection(SolutionProperties) = preSolution
		HideSolutionNode = FALSE
	EndGlobalSection
	GlobalSection(ExtensibilityGlobals) = postSolution
		SolutionGuid = {1EF2ACF4-BAF9-4202-9FE2-896253F1B5A8}
	EndGlobalSection
EndGlobal
